
Microsoft Visual Studio Solution File, Format Version 12.00
# Visual Studio Version 16
VisualStudioVersion = 16.0.30011.22
MinimumVisualStudioVersion = 10.0.40219.1
Project("{FAE04EC0-301F-11D3-BF4B-00C04F79EFBC}") = "Stationery_Order", "Stationery_Order\Stationery_Order.csproj", "{1C213822-9CDE-4FA8-AF83-B9FEBB3FA229}"
EndProject
Global
	GlobalSection(SolutionConfigurationPlatforms) = preSolution
		Debug|Any CPU = Debug|Any CPU
		Release|Any CPU = Release|Any CPU
	EndGlobalSection
	GlobalSection(ProjectConfigurationPlatforms) = postSolution
		{1C213822-9CDE-4FA8-AF83-B9FEBB3FA229}.Debug|Any CPU.ActiveCfg = Debug|Any CPU
		{1C213822-9CDE-4FA8-AF83-B9FEBB3FA229}.Debug|Any CPU.Build.0 = Debug|Any CPU
		{1C213822-9CDE-4FA8-AF83-B9FEBB3FA229}.Release|Any CPU.ActiveCfg = Release|Any CPU
		{1C213822-9CDE-4FA8-AF83-B9FEBB3FA229}.Release|Any CPU.Build.0 = Release|Any CPU
	EndGlobalSection
	GlobalSection(SolutionProperties) = preSolution
		HideSolutionNode = FALSE
	EndGlobalSection
	GlobalSection(ExtensibilityGlobals) = postSolution
		SolutionGuid = {B524BDB4-E4C0-46B6-913E-6418C6F941ED}
	EndGlobalSection
EndGlobal
